{
  "name": "naris-mcp",
  "version": "0.1.0",
  "lockfileVersion": 3,
  "requires": true,
  "packages": {
    "": {
      "name": "naris-mcp",
      "version": "0.1.0",
      "dependencies": {
        "@modelcontextprotocol/sdk": "^1.17.0",
        "zod": "^3.25.0"
      },
      "devDependencies": {
        "@types/node": "^22.0.0",
        "tsx": "^4.19.0",
        "typescript": "^5.8.0"
      }
    }
  }
}
